# This file was autogenerated by uv via the following command:
#    uv export --project backend --locked --extra onnx-directml --no-hashes --no-emit-project --output-file backend/requirements-acceleration-directml.lock
annotated-doc==0.0.4
    # via fastapi
annotated-types==0.7.0
    # via pydantic
anyio==4.14.2
    # via
    #   starlette
    #   watchfiles
click==8.4.2
    # via uvicorn
colorama==0.4.6 ; sys_platform == 'win32'
    # via click
fastapi==0.139.2
    # via music-theory-composer-backend
flatbuffers==25.12.19 ; platform_machine == 'AMD64' and sys_platform == 'win32'
    # via onnxruntime-directml
h11==0.16.0
    # via uvicorn
httptools==0.8.0
    # via uvicorn
idna==3.18
    # via anyio
mpmath==1.3.0 ; platform_machine == 'AMD64' and sys_platform == 'win32'
    # via sympy
numpy==2.4.6 ; python_full_version < '3.12' and platform_machine == 'AMD64' and sys_platform == 'win32'
    # via onnxruntime-directml
numpy==2.5.1 ; python_full_version >= '3.12' and platform_machine == 'AMD64' and sys_platform == 'win32'
    # via onnxruntime-directml
onnxruntime-directml==1.24.4 ; platform_machine == 'AMD64' and sys_platform == 'win32'
    # via music-theory-composer-backend
packaging==26.2 ; platform_machine == 'AMD64' and sys_platform == 'win32'
    # via onnxruntime-directml
protobuf==7.35.1 ; platform_machine == 'AMD64' and sys_platform == 'win32'
    # via onnxruntime-directml
pydantic==2.13.4
    # via fastapi
pydantic-core==2.46.4
    # via pydantic
python-dotenv==1.2.2
    # via uvicorn
pyyaml==6.0.3
    # via
    #   music-theory-composer-backend
    #   uvicorn
starlette==1.3.1
    # via fastapi
sympy==1.14.0 ; platform_machine == 'AMD64' and sys_platform == 'win32'
    # via onnxruntime-directml
typing-extensions==4.16.0
    # via
    #   anyio
    #   fastapi
    #   pydantic
    #   pydantic-core
    #   starlette
    #   typing-inspection
typing-inspection==0.4.2
    # via
    #   fastapi
    #   pydantic
uvicorn==0.51.0
    # via music-theory-composer-backend
uvloop==0.22.1 ; platform_python_implementation != 'PyPy' and sys_platform != 'cygwin' and sys_platform != 'win32'
    # via uvicorn
watchfiles==1.2.0
    # via uvicorn
websockets==16.1.1
    # via uvicorn
